// !$*UTF8*$!
{
	archiveVersion = 1;
	classes = {
	};
	objectVersion = 46;
	objects = {

/* Begin PBXBuildFile section */
		812F897DC14987C70F6F5D37 /* Pods_MovieViewer.framework in Frameworks */ = {isa = PBXBuildFile; fileRef = D4CEC2930E5304E98310723D /* Pods_MovieViewer.framework */; };
		A159363E1C3B482700D2B629 /* AppDelegate.swift in Sources */ = {isa = PBXBuildFile; fileRef = A159363D1C3B482700D2B629 /* AppDelegate.swift */; };
		A15936431C3B482700D2B629 /* Main.storyboard in Resources */ = {isa = PBXBuildFile; fileRef = A15936411C3B482700D2B629 /* Main.storyboard */; };
		A15936451C3B482700D2B629 /* Assets.xcassets in Resources */ = {isa = PBXBuildFile; fileRef = A15936441C3B482700D2B629 /* Assets.xcassets */; };
		A15936481C3B482700D2B629 /* LaunchScreen.storyboard in Resources */ = {isa = PBXBuildFile; fileRef = A15936461C3B482700D2B629 /* LaunchScreen.storyboard */; };
		A15936501C3B49B600D2B629 /* MoviesViewController.swift in Sources */ = {isa = PBXBuildFile; fileRef = A159364F1C3B49B600D2B629 /* MoviesViewController.swift */; };
		A1FFB3961C40A65400D998D8 /* CollectionMovieCell.swift in Sources */ = {isa = PBXBuildFile; fileRef = A1FFB3951C40A65400D998D8 /* CollectionMovieCell.swift */; };
/* End PBXBuildFile section */

/* Begin PBXFileReference section */
		25049A345EE4AB5BCA088F38 /* Pods-MovieViewer.debug.xcconfig */ = {isa = PBXFileReference; includeInIndex = 1; lastKnownFileType = text.xcconfig; name = "Pods-MovieViewer.debug.xcconfig"; path = "Pods/Target Support Files/Pods-MovieViewer/Pods-MovieViewer.debug.xcconfig"; sourceTree = "<group>"; };
		A159363A1C3B482700D2B629 /* MovieViewer.app */ = {isa = PBXFileReference; explicitFileType = wrapper.application; includeInIndex = 0; path = MovieViewer.app; sourceTree = BUILT_PRODUCTS_DIR; };
		A159363D1C3B482700D2B629 /* AppDelegate.swift */ = {isa = PBXFileReference; lastKnownFileType = sourcecode.swift; path = AppDelegate.swift; sourceTree = "<group>"; };
		A15936421C3B482700D2B629 /* Base */ = {isa = PBXFileReference; lastKnownFileType = file.storyboard; name = Base; path = Base.lproj/Main.storyboard; sourceTree = "<group>"; };
		A15936441C3B482700D2B629 /* Assets.xcassets */ = {isa = PBXFileReference; lastKnownFileType = folder.assetcatalog; path = Assets.xcassets; sourceTree = "<group>"; };
		A15936471C3B482700D2B629 /* Base */ = {isa = PBXFileReference; lastKnownFileType = file.storyboard; name = Base; path = Base.lproj/LaunchScreen.storyboard; sourceTree = "<group>"; };
		A15936491C3B482700D2B629 /* Info.plist */ = {isa = PBXFileReference; lastKnownFileType = text.plist.xml; path = Info.plist; sourceTree = "<group>"; };
		A159364F1C3B49B600D2B629 /* MoviesViewController.swift */ = {isa = PBXFileReference; fileEncoding = 4; lastKnownFileType = sourcecode.swift; path = MoviesViewController.swift; sourceTree = "<group>"; };
		A1FFB3951C40A65400D998D8 /* CollectionMovieCell.swift */ = {isa = PBXFileReference; fileEncoding = 4; lastKnownFileType = sourcecode.swift; path = CollectionMovieCell.swift; sourceTree = "<group>"; };
		D4CEC2930E5304E98310723D /* Pods_MovieViewer.framework */ = {isa = PBXFileReference; explicitFileType = wrapper.framework; includeInIndex = 0; path = Pods_MovieViewer.framework; sourceTree = BUILT_PRODUCTS_DIR; };
		F0E8BA04CBEC2A7B862A4E64 /* Pods-MovieViewer.release.xcconfig */ = {isa = PBXFileReference; includeInIndex = 1; lastKnownFileType = text.xcconfig; name = "Pods-MovieViewer.release.xcconfig"; path = "Pods/Target Support Files/Pods-MovieViewer/Pods-MovieViewer.release.xcconfig"; sourceTree = "<group>"; };
/* End PBXFileReference section */

/* Begin PBXFrameworksBuildPhase section */
		A15936371C3B482700D2B629 /* Frameworks */ = {
			isa = PBXFrameworksBuildPhase;
			buildActionMask = 2147483647;
			files = (
				812F897DC14987C70F6F5D37 /* Pods_MovieViewer.framework in Frameworks */,
			);
			runOnlyForDeploymentPostprocessing = 0;
		};
/* End PBXFrameworksBuildPhase section */

/* Begin PBXGroup section */
		220126F9C4F57759FF237910 /* Frameworks */ = {
			isa = PBXGroup;
			children = (
				D4CEC2930E5304E98310723D /* Pods_MovieViewer.framework */,
			);
			name = Frameworks;
			sourceTree = "<group>";
		};
		4C7A2DCB23477369B9F8967A /* Pods */ = {
			isa = PBXGroup;
			children = (
				25049A345EE4AB5BCA088F38 /* Pods-MovieViewer.debug.xcconfig */,
				F0E8BA04CBEC2A7B862A4E64 /* Pods-MovieViewer.release.xcconfig */,
			);
			name = Pods;
			sourceTree = "<group>";
		};
		A15936311C3B482700D2B629 = {
			isa = PBXGroup;
			children = (
				A159363C1C3B482700D2B629 /* MovieViewer */,
				A159363B1C3B482700D2B629 /* Products */,
				4C7A2DCB23477369B9F8967A /* Pods */,
				220126F9C4F57759FF237910 /* Frameworks */,
			);
			sourceTree = "<group>";
		};
		A159363B1C3B482700D2B629 /* Products */ = {
			isa = PBXGroup;
			children = (
				A159363A1C3B482700D2B629 /* MovieViewer.app */,
			);
			name = Products;
			sourceTree = "<group>";
		};
		A159363C1C3B482700D2B629 /* MovieViewer */ = {
			isa = PBXGroup;
			children = (
				A15936541C3B570A00D2B629 /* View Controllers */,
				A15936511C3B56C400D2B629 /* Views */,
				A159363D1C3B482700D2B629 /* AppDelegate.swift */,
				A15936411C3B482700D2B629 /* Main.storyboard */,
				A15936441C3B482700D2B629 /* Assets.xcassets */,
				A15936461C3B482700D2B629 /* LaunchScreen.storyboard */,
				A15936491C3B482700D2B629 /* Info.plist */,
			);
			path = MovieViewer;
			sourceTree = "<group>";
		};
		A15936511C3B56C400D2B629 /* Views */ = {
			isa = PBXGroup;
			children = (
				A1FFB3951C40A65400D998D8 /* CollectionMovieCell.swift */,
			);
			name = Views;
			sourceTree = "<group>";
		};
		A15936541C3B570A00D2B629 /* View Controllers */ = {
			isa = PBXGroup;
			children = (
				A159364F1C3B49B600D2B629 /* MoviesViewController.swift */,
			);
			name = "View Controllers";
			sourceTree = "<group>";
		};
/* End PBXGroup section */

/* Begin PBXNativeTarget section */
		A15936391C3B482700D2B629 /* MovieViewer */ = {
			isa = PBXNativeTarget;
			buildConfigurationList = A159364C1C3B482700D2B629 /* Build configuration list for PBXNativeTarget "MovieViewer" */;
			buildPhases = (
				CF7DCCAE962C6580E4092A49 /* Check Pods Manifest.lock */,
				A15936361C3B482700D2B629 /* Sources */,
				A15936371C3B482700D2B629 /* Frameworks */,
				A15936381C3B482700D2B629 /* Resources */,
				50D7DE97AC613A8843B82249 /* Embed Pods Frameworks */,
				201FCC911995AFFDA881C80D /* Copy Pods Resources */,
			);
			buildRules = (
			);
			dependencies = (
			);
			name = MovieViewer;
			productName = MovieViewer;
			productReference = A159363A1C3B482700D2B629 /* MovieViewer.app */;
			productType = "com.apple.product-type.application";
		};
/* End PBXNativeTarget section */

/* Begin PBXProject section */
		A15936321C3B482700D2B629 /* Project object */ = {
			isa = PBXProject;
			attributes = {
				LastSwiftUpdateCheck = 0720;
				LastUpgradeCheck = 0720;
				ORGANIZATIONNAME = "Nikhil Thota";
				TargetAttributes = {
					A15936391C3B482700D2B629 = {
						CreatedOnToolsVersion = 7.2;
						DevelopmentTeam = 9T72R294QS;
					};
				};
			};
			buildConfigurationList = A15936351C3B482700D2B629 /* Build configuration list for PBXProject "MovieViewer" */;
			compatibilityVersion = "Xcode 3.2";
			developmentRegion = English;
			hasScannedForEncodings = 0;
			knownRegions = (
				en,
				Base,
			);
			mainGroup = A15936311C3B482700D2B629;
			productRefGroup = A159363B1C3B482700D2B629 /* Products */;
			projectDirPath = "";
			projectRoot = "";
			targets = (
				A15936391C3B482700D2B629 /* MovieViewer */,
			);
		};
/* End PBXProject section */

/* Begin PBXResourcesBuildPhase section */
		A15936381C3B482700D2B629 /* Resources */ = {
			isa = PBXResourcesBuildPhase;
			buildActionMask = 2147483647;
			files = (
				A15936481C3B482700D2B629 /* LaunchScreen.storyboard in Resources */,
				A15936451C3B482700D2B629 /* Assets.xcassets in Resources */,
				A15936431C3B482700D2B629 /* Main.storyboard in Resources */,
			);
			runOnlyForDeploymentPostprocessing = 0;
		};
/* End PBXResourcesBuildPhase section */

/* Begin PBXShellScriptBuildPhase section */
		201FCC911995AFFDA881C80D /* Copy Pods Resources */ = {
			isa = PBXShellScriptBuildPhase;
			buildActionMask = 2147483647;
			files = (
			);
			inputPaths = (
			);
			name = "Copy Pods Resources";
			outputPaths = (
			);
			runOnlyForDeploymentPostprocessing = 0;
			shellPath = /bin/sh;
			shellScript = "\"${SRCROOT}/Pods/Target Support Files/Pods-MovieViewer/Pods-MovieViewer-resources.sh\"\n";
			showEnvVarsInLog = 0;
		};
		50D7DE97AC613A8843B82249 /* Embed Pods Frameworks */ = {
			isa = PBXShellScriptBuildPhase;
			buildActionMask = 2147483647;
			files = (
			);
			inputPaths = (
			);
			name = "Embed Pods Frameworks";
			outputPaths = (
			);
			runOnlyForDeploymentPostprocessing = 0;
			shellPath = /bin/sh;
			shellScript = "\"${SRCROOT}/Pods/Target Support Files/Pods-MovieViewer/Pods-MovieViewer-frameworks.sh\"\n";
			showEnvVarsInLog = 0;
		};
		CF7DCCAE962C6580E4092A49 /* Check Pods Manifest.lock */ = {
			isa = PBXShellScriptBuildPhase;
			buildActionMask = 2147483647;
			files = (
			);
			inputPaths = (
			);
			name = "Check Pods Manifest.lock";
			outputPaths = (
			);
			runOnlyForDeploymentPostprocessing = 0;
			shellPath = /bin/sh;
			shellScript = "diff \"${PODS_ROOT}/../Podfile.lock\" \"${PODS_ROOT}/Manifest.lock\" > /dev/null\nif [[ $? != 0 ]] ; then\n    cat << EOM\nerror: The sandbox is not in sync with the Podfile.lock. Run 'pod install' or update your CocoaPods installation.\nEOM\n    exit 1\nfi\n";
			showEnvVarsInLog = 0;
		};
/* End PBXShellScriptBuildPhase section */

/* Begin PBXSourcesBuildPhase section */
		A15936361C3B482700D2B629 /* Sources */ = {
			isa = PBXSourcesBuildPhase;
			buildActionMask = 2147483647;
			files = (
				A1FFB3961C40A65400D998D8 /* CollectionMovieCell.swift in Sources */,
				A159363E1C3B482700D2B629 /* AppDelegate.swift in Sources */,
				A15936501C3B49B600D2B629 /* MoviesViewController.swift in Sources */,
			);
			runOnlyForDeploymentPostprocessing = 0;
		};
/* End PBXSourcesBuildPhase section */

/* Begin PBXVariantGroup section */
		A15936411C3B482700D2B629 /* Main.storyboard */ = {
			isa = PBXVariantGroup;
			children = (
				A15936421C3B482700D2B629 /* Base */,
			);
			name = Main.storyboard;
			sourceTree = "<group>";
		};
		A15936461C3B482700D2B629 /* LaunchScreen.storyboard */ = {
			isa = PBXVariantGroup;
			children = (
				A15936471C3B482700D2B629 /* Base */,
			);
			name = LaunchScreen.storyboard;
			sourceTree = "<group>";
		};
/* End PBXVariantGroup section */

/* Begin XCBuildConfiguration section */
		A159364A1C3B482700D2B629 /* Debug */ = {
			isa = XCBuildConfiguration;
			buildSettings = {
				ALWAYS_SEARCH_USER_PATHS = NO;
				CLANG_CXX_LANGUAGE_STANDARD = "gnu++0x";
				CLANG_CXX_LIBRARY = "libc++";
				CLANG_ENABLE_MODULES = YES;
				CLANG_ENABLE_OBJC_ARC = YES;
				CLANG_WARN_BOOL_CONVERSION = YES;
				CLANG_WARN_CONSTANT_CONVERSION = YES;
				CLANG_WARN_DIRECT_OBJC_ISA_USAGE = YES_ERROR;
				CLANG_WARN_EMPTY_BODY = YES;
				CLANG_WARN_ENUM_CONVERSION = YES;
				CLANG_WARN_INT_CONVERSION = YES;
				CLANG_WARN_OBJC_ROOT_CLASS = YES_ERROR;
				CLANG_WARN_UNREACHABLE_CODE = YES;
				CLANG_WARN__DUPLICATE_METHOD_MATCH = YES;
				"CODE_SIGN_IDENTITY[sdk=iphoneos*]" = "iPhone Developer";
				COPY_PHASE_STRIP = NO;
				DEBUG_INFORMATION_FORMAT = dwarf;
				ENABLE_STRICT_OBJC_MSGSEND = YES;
				ENABLE_TESTABILITY = YES;
				GCC_C_LANGUAGE_STANDARD = gnu99;
				GCC_DYNAMIC_NO_PIC = NO;
				GCC_NO_COMMON_BLOCKS = YES;
				GCC_OPTIMIZATION_LEVEL = 0;
				GCC_PREPROCESSOR_DEFINITIONS = (
					"DEBUG=1",
					"$(inherited)",
				);
				GCC_WARN_64_TO_32_BIT_CONVERSION = YES;
				GCC_WARN_ABOUT_RETURN_TYPE = YES_ERROR;
				GCC_WARN_UNDECLARED_SELECTOR = YES;
				GCC_WARN_UNINITIALIZED_AUTOS = YES_AGGRESSIVE;
				GCC_WARN_UNUSED_FUNCTION = YES;
				GCC_WARN_UNUSED_VARIABLE = YES;
				IPHONEOS_DEPLOYMENT_TARGET = 9.2;
				MTL_ENABLE_DEBUG_INFO = YES;
				ONLY_ACTIVE_ARCH = YES;
				SDKROOT = iphoneos;
				SWIFT_OPTIMIZATION_LEVEL = "-Onone";
			};
			name = Debug;
		};
		A159364B1C3B482700D2B629 /* Release */ = {
			isa = XCBuildConfiguration;
			buildSettings = {
				ALWAYS_SEARCH_USER_PATHS = NO;
				CLANG_CXX_LANGUAGE_STANDARD = "gnu++0x";
				CLANG_CXX_LIBRARY = "libc++";
				CLANG_ENABLE_MODULES = YES;
				CLANG_ENABLE_OBJC_ARC = YES;
				CLANG_WARN_BOOL_CONVERSION = YES;
				CLANG_WARN_CONSTANT_CONVERSION = YES;
				CLANG_WARN_DIRECT_OBJC_ISA_USAGE = YES_ERROR;
				CLANG_WARN_EMPTY_BODY = YES;
				CLANG_WARN_ENUM_CONVERSION = YES;
				CLANG_WARN_INT_CONVERSION = YES;
				CLANG_WARN_OBJC_ROOT_CLASS = YES_ERROR;
				CLANG_WARN_UNREACHABLE_CODE = YES;
				CLANG_WARN__DUPLICATE_METHOD_MATCH = YES;
				"CODE_SIGN_IDENTITY[sdk=iphoneos*]" = "iPhone Developer";
				COPY_PHASE_STRIP = NO;
				DEBUG_INFORMATION_FORMAT = "dwarf-with-dsym";
				ENABLE_NS_ASSERTIONS = NO;
				ENABLE_STRICT_OBJC_MSGSEND = YES;
				GCC_C_LANGUAGE_STANDARD = gnu99;
				GCC_NO_COMMON_BLOCKS = YES;
				GCC_WARN_64_TO_32_BIT_CONVERSION = YES;
				GCC_WARN_ABOUT_RETURN_TYPE = YES_ERROR;
				GCC_WARN_UNDECLARED_SELECTOR = YES;
				GCC_WARN_UNINITIALIZED_AUTOS = YES_AGGRESSIVE;
				GCC_WARN_UNUSED_FUNCTION = YES;
				GCC_WARN_UNUSED_VARIABLE = YES;
				IPHONEOS_DEPLOYMENT_TARGET = 9.2;
				MTL_ENABLE_DEBUG_INFO = NO;
				SDKROOT = iphoneos;
				VALIDATE_PRODUCT = YES;
			};
			name = Release;
		};
		A159364D1C3B482700D2B629 /* Debug */ = {
			isa = XCBuildConfiguration;
			baseConfigurationReference = 25049A345EE4AB5BCA088F38 /* Pods-MovieViewer.debug.xcconfig */;
			buildSettings = {
				ASSETCATALOG_COMPILER_APPICON_NAME = AppIcon;
				INFOPLIST_FILE = MovieViewer/Info.plist;
				LD_RUNPATH_SEARCH_PATHS = "$(inherited) @executable_path/Frameworks";
				PRODUCT_BUNDLE_IDENTIFIER = NikhilThota.MovieViewer;
				PRODUCT_NAME = "$(TARGET_NAME)";
			};
			name = Debug;
		};
		A159364E1C3B482700D2B629 /* Release */ = {
			isa = XCBuildConfiguration;
			baseConfigurationReference = F0E8BA04CBEC2A7B862A4E64 /* Pods-MovieViewer.release.xcconfig */;
			buildSettings = {
				ASSETCATALOG_COMPILER_APPICON_NAME = AppIcon;
				INFOPLIST_FILE = MovieViewer/Info.plist;
				LD_RUNPATH_SEARCH_PATHS = "$(inherited) @executable_path/Frameworks";
				PRODUCT_BUNDLE_IDENTIFIER = NikhilThota.MovieViewer;
				PRODUCT_NAME = "$(TARGET_NAME)";
			};
			name = Release;
		};
/* End XCBuildConfiguration section */

/* Begin XCConfigurationList section */
		A15936351C3B482700D2B629 /* Build configuration list for PBXProject "MovieViewer" */ = {
			isa = XCConfigurationList;
			buildConfigurations = (
				A159364A1C3B482700D2B629 /* Debug */,
				A159364B1C3B482700D2B629 /* Release */,
			);
			defaultConfigurationIsVisible = 0;
			defaultConfigurationName = Release;
		};
		A159364C1C3B482700D2B629 /* Build configuration list for PBXNativeTarget "MovieViewer" */ = {
			isa = XCConfigurationList;
			buildConfigurations = (
				A159364D1C3B482700D2B629 /* Debug */,
				A159364E1C3B482700D2B629 /* Release */,
			);
			defaultConfigurationIsVisible = 0;
			defaultConfigurationName = Release;
		};
/* End XCConfigurationList section */
	};
	rootObject = A15936321C3B482700D2B629 /* Project object */;
}
